
Microsoft Visual Studio Solution File, Format Version 12.00
# Visual Studio 15
VisualStudioVersion = 15.0.26124.0
MinimumVisualStudioVersion = 15.0.26124.0
Project("{FAE04EC0-301F-11D3-BF4B-00C04F79EFBC}") = "Head1", "Head1\Head1.csproj", "{8786BCFD-7DFF-497B-9394-6EAA4781D034}"
EndProject
Project("{FAE04EC0-301F-11D3-BF4B-00C04F79EFBC}") = "Head2", "Head2\Head2.csproj", "{7D0A7F0F-CB01-40AE-A420-4B19EEFB78B9}"
EndProject
Project("{FAE04EC0-301F-11D3-BF4B-00C04F79EFBC}") = "Head3", "Head3\Head3.csproj", "{9832AF97-11B1-4346-8A68-407115158D82}"
EndProject
Project("{FAE04EC0-301F-11D3-BF4B-00C04F79EFBC}") = "Runtime1", "Runtime1\Runtime1.csproj", "{3B1D1FCB-DDC3-40FE-B2BD-ED1E48EF0293}"
EndProject
Project("{FAE04EC0-301F-11D3-BF4B-00C04F79EFBC}") = "Runtime2", "Runtime2\Runtime2.csproj", "{55C35CB2-3210-4939-B457-4D176B1888ED}"
EndProject
Project("{FAE04EC0-301F-11D3-BF4B-00C04F79EFBC}") = "Runtime3", "Runtime3\Runtime3.csproj", "{F2B40A93-B8EB-4A28-88AB-DF1A3F24E120}"
EndProject
Global
	GlobalSection(SolutionConfigurationPlatforms) = preSolution
		Debug|Any CPU = Debug|Any CPU
		Debug|x64 = Debug|x64
		Debug|x86 = Debug|x86
		Release|Any CPU = Release|Any CPU
		Release|x64 = Release|x64
		Release|x86 = Release|x86
	EndGlobalSection
	GlobalSection(SolutionProperties) = preSolution
		HideSolutionNode = FALSE
	EndGlobalSection
	GlobalSection(ProjectConfigurationPlatforms) = postSolution
		{8786BCFD-7DFF-497B-9394-6EAA4781D034}.Debug|Any CPU.ActiveCfg = Debug|Any CPU
		{8786BCFD-7DFF-497B-9394-6EAA4781D034}.Debug|Any CPU.Build.0 = Debug|Any CPU
		{8786BCFD-7DFF-497B-9394-6EAA4781D034}.Debug|x64.ActiveCfg = Debug|Any CPU
		{8786BCFD-7DFF-497B-9394-6EAA4781D034}.Debug|x64.Build.0 = Debug|Any CPU
		{8786BCFD-7DFF-497B-9394-6EAA4781D034}.Debug|x86.ActiveCfg = Debug|Any CPU
		{8786BCFD-7DFF-497B-9394-6EAA4781D034}.Debug|x86.Build.0 = Debug|Any CPU
		{8786BCFD-7DFF-497B-9394-6EAA4781D034}.Release|Any CPU.ActiveCfg = Release|Any CPU
		{8786BCFD-7DFF-497B-9394-6EAA4781D034}.Release|Any CPU.Build.0 = Release|Any CPU
		{8786BCFD-7DFF-497B-9394-6EAA4781D034}.Release|x64.ActiveCfg = Release|Any CPU
		{8786BCFD-7DFF-497B-9394-6EAA4781D034}.Release|x64.Build.0 = Release|Any CPU
		{8786BCFD-7DFF-497B-9394-6EAA4781D034}.Release|x86.ActiveCfg = Release|Any CPU
		{8786BCFD-7DFF-497B-9394-6EAA4781D034}.Release|x86.Build.0 = Release|Any CPU
		{7D0A7F0F-CB01-40AE-A420-4B19EEFB78B9}.Debug|Any CPU.ActiveCfg = Debug|Any CPU
		{7D0A7F0F-CB01-40AE-A420-4B19EEFB78B9}.Debug|Any CPU.Build.0 = Debug|Any CPU
		{7D0A7F0F-CB01-40AE-A420-4B19EEFB78B9}.Debug|x64.ActiveCfg = Debug|Any CPU
		{7D0A7F0F-CB01-40AE-A420-4B19EEFB78B9}.Debug|x64.Build.0 = Debug|Any CPU
		{7D0A7F0F-CB01-40AE-A420-4B19EEFB78B9}.Debug|x86.ActiveCfg = Debug|Any CPU
		{7D0A7F0F-CB01-40AE-A420-4B19EEFB78B9}.Debug|x86.Build.0 = Debug|Any CPU
		{7D0A7F0F-CB01-40AE-A420-4B19EEFB78B9}.Release|Any CPU.ActiveCfg = Release|Any CPU
		{7D0A7F0F-CB01-40AE-A420-4B19EEFB78B9}.Release|Any CPU.Build.0 = Release|Any CPU
		{7D0A7F0F-CB01-40AE-A420-4B19EEFB78B9}.Release|x64.ActiveCfg = Release|Any CPU
		{7D0A7F0F-CB01-40AE-A420-4B19EEFB78B9}.Release|x64.Build.0 = Release|Any CPU
		{7D0A7F0F-CB01-40AE-A420-4B19EEFB78B9}.Release|x86.ActiveCfg = Release|Any CPU
		{7D0A7F0F-CB01-40AE-A420-4B19EEFB78B9}.Release|x86.Build.0 = Release|Any CPU
		{9832AF97-11B1-4346-8A68-407115158D82}.Debug|Any CPU.ActiveCfg = Debug|Any CPU
		{9832AF97-11B1-4346-8A68-407115158D82}.Debug|Any CPU.Build.0 = Debug|Any CPU
		{9832AF97-11B1-4346-8A68-407115158D82}.Debug|x64.ActiveCfg = Debug|Any CPU
		{9832AF97-11B1-4346-8A68-407115158D82}.Debug|x64.Build.0 = Debug|Any CPU
		{9832AF97-11B1-4346-8A68-407115158D82}.Debug|x86.ActiveCfg = Debug|Any CPU
		{9832AF97-11B1-4346-8A68-407115158D82}.Debug|x86.Build.0 = Debug|Any CPU
		{9832AF97-11B1-4346-8A68-407115158D82}.Release|Any CPU.ActiveCfg = Release|Any CPU
		{9832AF97-11B1-4346-8A68-407115158D82}.Release|Any CPU.Build.0 = Release|Any CPU
		{9832AF97-11B1-4346-8A68-407115158D82}.Release|x64.ActiveCfg = Release|Any CPU
		{9832AF97-11B1-4346-8A68-407115158D82}.Release|x64.Build.0 = Release|Any CPU
		{9832AF97-11B1-4346-8A68-407115158D82}.Release|x86.ActiveCfg = Release|Any CPU
		{9832AF97-11B1-4346-8A68-407115158D82}.Release|x86.Build.0 = Release|Any CPU
		{3B1D1FCB-DDC3-40FE-B2BD-ED1E48EF0293}.Debug|Any CPU.ActiveCfg = Debug|Any CPU
		{3B1D1FCB-DDC3-40FE-B2BD-ED1E48EF0293}.Debug|Any CPU.Build.0 = Debug|Any CPU
		{3B1D1FCB-DDC3-40FE-B2BD-ED1E48EF0293}.Debug|x64.ActiveCfg = Debug|Any CPU
		{3B1D1FCB-DDC3-40FE-B2BD-ED1E48EF0293}.Debug|x64.Build.0 = Debug|Any CPU
		{3B1D1FCB-DDC3-40FE-B2BD-ED1E48EF0293}.Debug|x86.ActiveCfg = Debug|Any CPU
		{3B1D1FCB-DDC3-40FE-B2BD-ED1E48EF0293}.Debug|x86.Build.0 = Debug|Any CPU
		{3B1D1FCB-DDC3-40FE-B2BD-ED1E48EF0293}.Release|Any CPU.ActiveCfg = Release|Any CPU
		{3B1D1FCB-DDC3-40FE-B2BD-ED1E48EF0293}.Release|Any CPU.Build.0 = Release|Any CPU
		{3B1D1FCB-DDC3-40FE-B2BD-ED1E48EF0293}.Release|x64.ActiveCfg = Release|Any CPU
		{3B1D1FCB-DDC3-40FE-B2BD-ED1E48EF0293}.Release|x64.Build.0 = Release|Any CPU
		{3B1D1FCB-DDC3-40FE-B2BD-ED1E48EF0293}.Release|x86.ActiveCfg = Release|Any CPU
		{3B1D1FCB-DDC3-40FE-B2BD-ED1E48EF0293}.Release|x86.Build.0 = Release|Any CPU
		{55C35CB2-3210-4939-B457-4D176B1888ED}.Debug|Any CPU.ActiveCfg = Debug|Any CPU
		{55C35CB2-3210-4939-B457-4D176B1888ED}.Debug|Any CPU.Build.0 = Debug|Any CPU
		{55C35CB2-3210-4939-B457-4D176B1888ED}.Debug|x64.ActiveCfg = Debug|Any CPU
		{55C35CB2-3210-4939-B457-4D176B1888ED}.Debug|x64.Build.0 = Debug|Any CPU
		{55C35CB2-3210-4939-B457-4D176B1888ED}.Debug|x86.ActiveCfg = Debug|Any CPU
		{55C35CB2-3210-4939-B457-4D176B1888ED}.Debug|x86.Build.0 = Debug|Any CPU
		{55C35CB2-3210-4939-B457-4D176B1888ED}.Release|Any CPU.ActiveCfg = Release|Any CPU
		{55C35CB2-3210-4939-B457-4D176B1888ED}.Release|Any CPU.Build.0 = Release|Any CPU
		{55C35CB2-3210-4939-B457-4D176B1888ED}.Release|x64.ActiveCfg = Release|Any CPU
		{55C35CB2-3210-4939-B457-4D176B1888ED}.Release|x64.Build.0 = Release|Any CPU
		{55C35CB2-3210-4939-B457-4D176B1888ED}.Release|x86.ActiveCfg = Release|Any CPU
		{55C35CB2-3210-4939-B457-4D176B1888ED}.Release|x86.Build.0 = Release|Any CPU
		{F2B40A93-B8EB-4A28-88AB-DF1A3F24E120}.Debug|Any CPU.ActiveCfg = Debug|Any CPU
		{F2B40A93-B8EB-4A28-88AB-DF1A3F24E120}.Debug|Any CPU.Build.0 = Debug|Any CPU
		{F2B40A93-B8EB-4A28-88AB-DF1A3F24E120}.Debug|x64.ActiveCfg = Debug|Any CPU
		{F2B40A93-B8EB-4A28-88AB-DF1A3F24E120}.Debug|x64.Build.0 = Debug|Any CPU
		{F2B40A93-B8EB-4A28-88AB-DF1A3F24E120}.Debug|x86.ActiveCfg = Debug|Any CPU
		{F2B40A93-B8EB-4A28-88AB-DF1A3F24E120}.Debug|x86.Build.0 = Debug|Any CPU
		{F2B40A93-B8EB-4A28-88AB-DF1A3F24E120}.Release|Any CPU.ActiveCfg = Release|Any CPU
		{F2B40A93-B8EB-4A28-88AB-DF1A3F24E120}.Release|Any CPU.Build.0 = Release|Any CPU
		{F2B40A93-B8EB-4A28-88AB-DF1A3F24E120}.Release|x64.ActiveCfg = Release|Any CPU
		{F2B40A93-B8EB-4A28-88AB-DF1A3F24E120}.Release|x64.Build.0 = Release|Any CPU
		{F2B40A93-B8EB-4A28-88AB-DF1A3F24E120}.Release|x86.ActiveCfg = Release|Any CPU
		{F2B40A93-B8EB-4A28-88AB-DF1A3F24E120}.Release|x86.Build.0 = Release|Any CPU
	EndGlobalSection
EndGlobal
